
Microsoft Visual Studio Solution File, Format Version 12.00
# Visual Studio Version 17
VisualStudioVersion = 17.5.33502.453
MinimumVisualStudioVersion = 10.0.40219.1
Project("{8BC9CEB8-8B4A-11D0-8D11-00A0C91BC942}") = "冒泡排序", "选择排序和冒泡排序\选择排序和冒泡排序.vcxproj", "{1697E61B-378D-43BD-8947-56121E07CF8D}"
EndProject
Project("{8BC9CEB8-8B4A-11D0-8D11-00A0C91BC942}") = "选择排序", "选择排序\选择排序.vcxproj", "{BECD6135-8338-40E7-B59E-CDECC661B68C}"
EndProject
Project("{8BC9CEB8-8B4A-11D0-8D11-00A0C91BC942}") = "回调函数实现任意类型数据排序", "回调函数实现任意类型数据排序\回调函数实现任意类型数据排序.vcxproj", "{5ABB92E2-FBEA-43D1-9F6E-A515432CE801}"
EndProject
Project("{8BC9CEB8-8B4A-11D0-8D11-00A0C91BC942}") = "回调函数冒泡思想", "回调函数冒泡思想\回调函数冒泡思想.vcxproj", "{01302B23-5A4D-480D-B4AA-398C3444DA45}"
EndProject
Global
	GlobalSection(SolutionConfigurationPlatforms) = preSolution
		Debug|x64 = Debug|x64
		Debug|x86 = Debug|x86
		Release|x64 = Release|x64
		Release|x86 = Release|x86
	EndGlobalSection
	GlobalSection(ProjectConfigurationPlatforms) = postSolution
		{1697E61B-378D-43BD-8947-56121E07CF8D}.Debug|x64.ActiveCfg = Debug|x64
		{1697E61B-378D-43BD-8947-56121E07CF8D}.Debug|x64.Build.0 = Debug|x64
		{1697E61B-378D-43BD-8947-56121E07CF8D}.Debug|x86.ActiveCfg = Debug|Win32
		{1697E61B-378D-43BD-8947-56121E07CF8D}.Debug|x86.Build.0 = Debug|Win32
		{1697E61B-378D-43BD-8947-56121E07CF8D}.Release|x64.ActiveCfg = Release|x64
		{1697E61B-378D-43BD-8947-56121E07CF8D}.Release|x64.Build.0 = Release|x64
		{1697E61B-378D-43BD-8947-56121E07CF8D}.Release|x86.ActiveCfg = Release|Win32
		{1697E61B-378D-43BD-8947-56121E07CF8D}.Release|x86.Build.0 = Release|Win32
		{BECD6135-8338-40E7-B59E-CDECC661B68C}.Debug|x64.ActiveCfg = Debug|x64
		{BECD6135-8338-40E7-B59E-CDECC661B68C}.Debug|x64.Build.0 = Debug|x64
		{BECD6135-8338-40E7-B59E-CDECC661B68C}.Debug|x86.ActiveCfg = Debug|Win32
		{BECD6135-8338-40E7-B59E-CDECC661B68C}.Debug|x86.Build.0 = Debug|Win32
		{BECD6135-8338-40E7-B59E-CDECC661B68C}.Release|x64.ActiveCfg = Release|x64
		{BECD6135-8338-40E7-B59E-CDECC661B68C}.Release|x64.Build.0 = Release|x64
		{BECD6135-8338-40E7-B59E-CDECC661B68C}.Release|x86.ActiveCfg = Release|Win32
		{BECD6135-8338-40E7-B59E-CDECC661B68C}.Release|x86.Build.0 = Release|Win32
		{5ABB92E2-FBEA-43D1-9F6E-A515432CE801}.Debug|x64.ActiveCfg = Debug|x64
		{5ABB92E2-FBEA-43D1-9F6E-A515432CE801}.Debug|x64.Build.0 = Debug|x64
		{5ABB92E2-FBEA-43D1-9F6E-A515432CE801}.Debug|x86.ActiveCfg = Debug|Win32
		{5ABB92E2-FBEA-43D1-9F6E-A515432CE801}.Debug|x86.Build.0 = Debug|Win32
		{5ABB92E2-FBEA-43D1-9F6E-A515432CE801}.Release|x64.ActiveCfg = Release|x64
		{5ABB92E2-FBEA-43D1-9F6E-A515432CE801}.Release|x64.Build.0 = Release|x64
		{5ABB92E2-FBEA-43D1-9F6E-A515432CE801}.Release|x86.ActiveCfg = Release|Win32
		{5ABB92E2-FBEA-43D1-9F6E-A515432CE801}.Release|x86.Build.0 = Release|Win32
		{01302B23-5A4D-480D-B4AA-398C3444DA45}.Debug|x64.ActiveCfg = Debug|x64
		{01302B23-5A4D-480D-B4AA-398C3444DA45}.Debug|x64.Build.0 = Debug|x64
		{01302B23-5A4D-480D-B4AA-398C3444DA45}.Debug|x86.ActiveCfg = Debug|Win32
		{01302B23-5A4D-480D-B4AA-398C3444DA45}.Debug|x86.Build.0 = Debug|Win32
		{01302B23-5A4D-480D-B4AA-398C3444DA45}.Release|x64.ActiveCfg = Release|x64
		{01302B23-5A4D-480D-B4AA-398C3444DA45}.Release|x64.Build.0 = Release|x64
		{01302B23-5A4D-480D-B4AA-398C3444DA45}.Release|x86.ActiveCfg = Release|Win32
		{01302B23-5A4D-480D-B4AA-398C3444DA45}.Release|x86.Build.0 = Release|Win32
	EndGlobalSection
	GlobalSection(SolutionProperties) = preSolution
		HideSolutionNode = FALSE
	EndGlobalSection
	GlobalSection(ExtensibilityGlobals) = postSolution
		SolutionGuid = {4E44F73B-18F7-4B69-9031-2BD21D056A46}
	EndGlobalSection
EndGlobal
